
Microsoft Visual Studio Solution File, Format Version 12.00
# Visual Studio Version 17
VisualStudioVersion = 17.9.34607.119
MinimumVisualStudioVersion = 10.0.40219.1
Project("{FAE04EC0-301F-11D3-BF4B-00C04F79EFBC}") = "eAppointment.Backend.Domain", "eAppointment.Backend.Domain\eAppointment.Backend.Domain.csproj", "{D80A6A56-E428-43FE-9C97-765368ED728C}"
EndProject
Project("{FAE04EC0-301F-11D3-BF4B-00C04F79EFBC}") = "eAppointment.Backend.Application", "eAppointment.Backend.Application\eAppointment.Backend.Application.csproj", "{264DED0A-A398-4B5C-B4E9-EAA2F6486B2E}"
EndProject
Global
	GlobalSection(SolutionConfigurationPlatforms) = preSolution
		Debug|Any CPU = Debug|Any CPU
		Release|Any CPU = Release|Any CPU
	EndGlobalSection
	GlobalSection(ProjectConfigurationPlatforms) = postSolution
		{D80A6A56-E428-43FE-9C97-765368ED728C}.Debug|Any CPU.ActiveCfg = Debug|Any CPU
		{D80A6A56-E428-43FE-9C97-765368ED728C}.Debug|Any CPU.Build.0 = Debug|Any CPU
		{D80A6A56-E428-43FE-9C97-765368ED728C}.Release|Any CPU.ActiveCfg = Release|Any CPU
		{D80A6A56-E428-43FE-9C97-765368ED728C}.Release|Any CPU.Build.0 = Release|Any CPU
		{264DED0A-A398-4B5C-B4E9-EAA2F6486B2E}.Debug|Any CPU.ActiveCfg = Debug|Any CPU
		{264DED0A-A398-4B5C-B4E9-EAA2F6486B2E}.Debug|Any CPU.Build.0 = Debug|Any CPU
		{264DED0A-A398-4B5C-B4E9-EAA2F6486B2E}.Release|Any CPU.ActiveCfg = Release|Any CPU
		{264DED0A-A398-4B5C-B4E9-EAA2F6486B2E}.Release|Any CPU.Build.0 = Release|Any CPU
	EndGlobalSection
	GlobalSection(SolutionProperties) = preSolution
		HideSolutionNode = FALSE
	EndGlobalSection
	GlobalSection(ExtensibilityGlobals) = postSolution
		SolutionGuid = {0FBDEFBA-0649-446D-BD8D-8B66DD2302A2}
	EndGlobalSection
EndGlobal
